
Microsoft Visual Studio Solution File, Format Version 12.00
# Visual Studio Version 16
VisualStudioVersion = 16.0.31112.23
MinimumVisualStudioVersion = 10.0.40219.1
Project("{FAE04EC0-301F-11D3-BF4B-00C04F79EFBC}") = "Empresa.Models", "Empresa.Models\Empresa.Models.csproj", "{8CC3A97D-D3CE-4895-9389-9A68109F8633}"
EndProject
Project("{FAE04EC0-301F-11D3-BF4B-00C04F79EFBC}") = "Empresa.UI.Windows", "Empresa.UI.Windows\Empresa.UI.Windows.csproj", "{1B0B3797-DD47-4C74-8579-AA78DDE3D8E0}"
EndProject
Project("{FAE04EC0-301F-11D3-BF4B-00C04F79EFBC}") = "Empresa.Db", "Empresa.Db\Empresa.Db.csproj", "{80A82F10-EF4A-461B-BD5D-A9A033C2F99C}"
EndProject
Global
	GlobalSection(SolutionConfigurationPlatforms) = preSolution
		Debug|Any CPU = Debug|Any CPU
		Release|Any CPU = Release|Any CPU
	EndGlobalSection
	GlobalSection(ProjectConfigurationPlatforms) = postSolution
		{8CC3A97D-D3CE-4895-9389-9A68109F8633}.Debug|Any CPU.ActiveCfg = Debug|Any CPU
		{8CC3A97D-D3CE-4895-9389-9A68109F8633}.Debug|Any CPU.Build.0 = Debug|Any CPU
		{8CC3A97D-D3CE-4895-9389-9A68109F8633}.Release|Any CPU.ActiveCfg = Release|Any CPU
		{8CC3A97D-D3CE-4895-9389-9A68109F8633}.Release|Any CPU.Build.0 = Release|Any CPU
		{1B0B3797-DD47-4C74-8579-AA78DDE3D8E0}.Debug|Any CPU.ActiveCfg = Debug|Any CPU
		{1B0B3797-DD47-4C74-8579-AA78DDE3D8E0}.Debug|Any CPU.Build.0 = Debug|Any CPU
		{1B0B3797-DD47-4C74-8579-AA78DDE3D8E0}.Release|Any CPU.ActiveCfg = Release|Any CPU
		{1B0B3797-DD47-4C74-8579-AA78DDE3D8E0}.Release|Any CPU.Build.0 = Release|Any CPU
		{80A82F10-EF4A-461B-BD5D-A9A033C2F99C}.Debug|Any CPU.ActiveCfg = Debug|Any CPU
		{80A82F10-EF4A-461B-BD5D-A9A033C2F99C}.Debug|Any CPU.Build.0 = Debug|Any CPU
		{80A82F10-EF4A-461B-BD5D-A9A033C2F99C}.Release|Any CPU.ActiveCfg = Release|Any CPU
		{80A82F10-EF4A-461B-BD5D-A9A033C2F99C}.Release|Any CPU.Build.0 = Release|Any CPU
	EndGlobalSection
	GlobalSection(SolutionProperties) = preSolution
		HideSolutionNode = FALSE
	EndGlobalSection
	GlobalSection(ExtensibilityGlobals) = postSolution
		SolutionGuid = {EB8ED9E2-2842-4EC2-BB38-D6283EB180CD}
	EndGlobalSection
EndGlobal
